github.com/DATA-DOG/go-sqlmock v1.3.3 h1:CWUqKXe0s8A2z6qCgkP4Kru7wC11YoAnoupUKFDnH08=
github.com/DATA-DOG/go-sqlmock v1.3.3/go.mod h1:f/Ixk793poVmq4qj/V1dPUg2JEAKC73Q5eFN3EC/SaM=
github.com/davecgh/go-spew v1.1.1 h1:vj9j/u1bqnvCEfJOwUhtlOARqs3+rkHYY13jYWTU97c=
github.com/fatih/color v1.7.1-0.20181010231311-3f9d52f7176a h1:AX/sSlGNYW3wDaDEp08Wm/SZ23jKd6p2KVNZoBtLSWM=
github.com/fatih/color v1.7.1-0.20181010231311-3f9d52f7176a/go.mod h1:Zm6kSWBoL9eyXnKyktHP6abPY2pDugNf5KwzbycvMj4=
github.com/gdamore/encoding v1.0.0 h1:+7OoQ1Bc6eTm5niUzBa0Ctsh6JbMW6Ra+YNuAtDBdko=
github.com/gdamore/encoding v1.0.0/go.mod h1:alR0ol34c49FCSBLjhosxzcPHQbf2trDkoo5dl+VrEg=
github.com/go-sql-driver/mysql v1.7.1 h1:lUIinVbN1DY0xBg0eMOzmmtGoHwWBbvnWubQUrtU8EI=
github.com/go-sql-driver/mysql v1.7.1/go.mod h1:OXbVy3sEdcQ2Doequ6Z5BW6fXNQTmx+9S1MCJN5yJMI=
github.com/gopherjs/gopherjs v1.17.2 h1:fQnZVsXk8uxXIStYb0N4bGk7jeyTalG/wsZjQ25dO0g=
github.com/jtolds/gls v4.20.0+incompatible h1:xdiiI2gbIgH/gLH7ADydsJ1uDOEzR8yvV7C0MuV77Wo=
github.com/lucasb-eyer/go-colorful v1.0.2 h1:mCMFu6PgSozg9tDNMMK3g18oJBX7oYGrC09mS6CXfO4=
github.com/lucasb-eyer/go-colorful v1.0.2/go.mod h1:0MS4r+7BZKSJ5mw4/S5MPN+qHFF1fYclkSPilDOKW0s=
github.com/mattn/go-colorable v0.1.1 h1:G1f5SKeVxmagw/IyvzvtZE4Gybcc4Tr1tf7I8z0XgOg=
github.com/mattn/go-colorable v0.1.1/go.mod h1:FuOcm+DKB9mbwrcAfNl7/TZVBZ6rcnceauSikq3lYCQ=
github.com/mattn/go-isatty v0.0.5/go.mod h1:Iq45c/XA43vh69/j3iqttzPXn0bhXyGjM0Hdxcsrc5s=
github.com/mattn/go-isatty v0.0.7 h1:UvyT9uN+3r7yLEYSlJsbQGdsaB/a0DlgWP3pql6iwOc=
github.com/mattn/go-isatty v0.0.7/go.mod h1:Iq45c/XA43vh69/j3iqttzPXn0bhXyGjM0Hdxcsrc5s=
github.com/mattn/go-runewidth v0.0.4 h1:2BvfKmzob6Bmd4YsL0zygOqfdFnK7GR4QL06Do4/p7Y=
github.com/mattn/go-runewidth v0.0.4/go.mod h1:LwmH8dsx7+W8Uxz3IHJYH5QSwggIsqBzpuz5H//U1FU=
github.com/mitchellh/go-homedir v1.1.0 h1:lukF9ziXFxDFPkA1vsr5zpc1XuPDn/wFntq5mG+4E0Y=
github.com/mitchellh/go-homedir v1.1.0/go.mod h1:SfyaCUpYCn1Vlf4IUYiD9fPX4A5wJrkLzIz1N1q0pr0=
github.com/pmezard/go-difflib v1.0.0 h1:4DBwDE0NGyQoBHbLQYPwSUPoCMWR5BEzIk/f1lZbAQM=
github.com/rivo/tview v0.0.0-20190406182340-90b4da1bd64c h1:g/UvEDB8RutkfYbTULmcCUpN0uQCVeh6j4bHt+Te8yM=
github.com/rivo/tview v0.0.0-20190406182340-90b4da1bd64c/go.mod h1:J4W+hErFfITUbyFAEXizpmkuxX7ZN56dopxHB4XQhMw=
github.com/rivo/uniseg v0.0.0-20190313204849-f699dde9c340 h1:nOZbL5f2xmBAHWYrrHbHV1xatzZirN++oOQ3g83Ypgs=
github.com/rivo/uniseg v0.0.0-20190313204849-f699dde9c340/go.mod h1:SOLvOL4ybwgLJ6TYoX/rtaJ8EGOulH4XU7E9/TLrTCE=
github.com/sergi/go-diff v1.0.1-0.20180205163309-da645544ed44 h1:tB9NOR21++IjLyVx3/PCPhWMwqGNCMQEH96A6dMZ/gc=
github.com/sergi/go-diff v1.0.1-0.20180205163309-da645544ed44/go.mod h1:0CfEIISq7TuYL3j771MWULgwwjU+GofnZX9QAmXWZgo=
github.com/smartystreets/assertions v1.13.1 h1:Ef7KhSmjZcK6AVf9YbJdvPYG9avaF0ZxudX+ThRdWfU=
github.com/smartystreets/goconvey v1.8.0 h1:Oi49ha/2MURE0WexF052Z0m+BNSGirfjg5RL+JXWq3w=
github.com/smartystreets/goconvey v1.8.0/go.mod h1:EdX8jtrTIj26jmjCOVNMVSIYAtgexqXKHOXW2Dx9JLg=
github.com/soyking/tcell v1.0.1-0.20180627092845-9addd5bbe425 h1:X2AFqUzdmTvpPltAfFmvpg5nWD1HJAcOSf/6+Vl8LL0=
github.com/soyking/tcell v1.0.1-0.20180627092845-9addd5bbe425/go.mod h1:v/vkZ+0OaXQbluKDwZtTSmmpTxNGUo8qon42T0ppg98=
github.com/stretchr/testify v1.8.4 h1:CcVxjf3Q8PM0mHUKJCdn+eZZtm5yQwehR5yeSVQQcUk=
github.com/stretchr/testify v1.8.4/go.mod h1:sz/lmYIOXD/1dqDmKjjqLyZ2RngseejIcXlSw2iwfAo=
golang.org/x/sys v0.0.0-20190222072716-a9d3bda3a223/go.mod h1:STP8DvDyc/dI5b8T5hshtkjS+E42TnysNCUPdjciGhY=
golang.org/x/sys v0.6.0 h1:MVltZSvRTcU2ljQOhs94SXPftV6DCNnZViHeQps87pQ=
golang.org/x/sys v0.6.0/go.mod h1:oPkhp1MJrh7nUepCBck5+mAzfO9JrbApNNgaTdGDITg=
golang.org/x/text v0.3.0/go.mod h1:NqM8EUOU14njkJ3fqMW+pc6Ldnwhi/IjpwHt7yyuwOQ=
golang.org/x/text v0.9.0 h1:2sjJmO8cDvYveuX97RDLsxlyUxLl+GHoLxBiRdHllBE=
golang.org/x/text v0.9.0/go.mod h1:e1OnstbJyHTd6l/uOt8jFFHp6TRDWZR/bV3emEE/zU8=
gopkg.in/urfave/cli.v2 v2.0.0-20180128182452-d3ae77c26ac8 h1:Ggy3mWN4l3PUFPfSG0YB3n5fVYggzysUmiUQ89SnX6Y=
gopkg.in/urfave/cli.v2 v2.0.0-20180128182452-d3ae77c26ac8/go.mod h1:cKXr3E0k4aosgycml1b5z33BVV6hai1Kh7uDgFOkbcs=
gopkg.in/yaml.v3 v3.0.1 h1:fxVm/GzAzEWqLHuvctI91KS9hhNmmWOoWu0XTYJS7CA=
